
Microsoft Visual Studio Solution File, Format Version 12.00
# Visual Studio Version 17
VisualStudioVersion = 17.2.32630.192
MinimumVisualStudioVersion = 10.0.40219.1
Project("{9A19103F-16F7-4668-BE54-9A1E7A4F7556}") = "DbNetSuiteCore", "DbNetSuiteCore\DbNetSuiteCore.csproj", "{4D448738-66F2-4518-BBD0-17D157843ECF}"
EndProject
Global
	GlobalSection(SolutionConfigurationPlatforms) = preSolution
		Debug|Any CPU = Debug|Any CPU
		Release|Any CPU = Release|Any CPU
	EndGlobalSection
	GlobalSection(ProjectConfigurationPlatforms) = postSolution
		{4D448738-66F2-4518-BBD0-17D157843ECF}.Debug|Any CPU.ActiveCfg = Debug|Any CPU
		{4D448738-66F2-4518-BBD0-17D157843ECF}.Debug|Any CPU.Build.0 = Debug|Any CPU
		{4D448738-66F2-4518-BBD0-17D157843ECF}.Release|Any CPU.ActiveCfg = Release|Any CPU
		{4D448738-66F2-4518-BBD0-17D157843ECF}.Release|Any CPU.Build.0 = Release|Any CPU
	EndGlobalSection
	GlobalSection(SolutionProperties) = preSolution
		HideSolutionNode = FALSE
	EndGlobalSection
	GlobalSection(ExtensibilityGlobals) = postSolution
		SolutionGuid = {6863961E-C718-4DDF-9D41-E050C257F78A}
	EndGlobalSection
EndGlobal
