
Microsoft Visual Studio Solution File, Format Version 12.00
# Visual Studio Version 16
VisualStudioVersion = 16.0.29509.3
MinimumVisualStudioVersion = 10.0.40219.1
Project("{9A19103F-16F7-4668-BE54-9A1E7A4F7556}") = "DbNetSuiteCore", "DbNetSuiteCore\DbNetSuiteCore.csproj", "{EDDCCA2D-96F5-43C5-94FD-AE81F9A38165}"
EndProject
Project("{9A19103F-16F7-4668-BE54-9A1E7A4F7556}") = "DbNetSuiteCoreWebApp", "DbNetSuiteCoreWebApp\DbNetSuiteCoreWebApp.csproj", "{28DC215C-32B8-420E-AE0D-91416CC753F9}"
EndProject
Global
	GlobalSection(SolutionConfigurationPlatforms) = preSolution
		Debug|Any CPU = Debug|Any CPU
		Release|Any CPU = Release|Any CPU
	EndGlobalSection
	GlobalSection(ProjectConfigurationPlatforms) = postSolution
		{EDDCCA2D-96F5-43C5-94FD-AE81F9A38165}.Debug|Any CPU.ActiveCfg = Debug|Any CPU
		{EDDCCA2D-96F5-43C5-94FD-AE81F9A38165}.Debug|Any CPU.Build.0 = Debug|Any CPU
		{EDDCCA2D-96F5-43C5-94FD-AE81F9A38165}.Release|Any CPU.ActiveCfg = Release|Any CPU
		{EDDCCA2D-96F5-43C5-94FD-AE81F9A38165}.Release|Any CPU.Build.0 = Release|Any CPU
		{28DC215C-32B8-420E-AE0D-91416CC753F9}.Debug|Any CPU.ActiveCfg = Debug|Any CPU
		{28DC215C-32B8-420E-AE0D-91416CC753F9}.Debug|Any CPU.Build.0 = Debug|Any CPU
		{28DC215C-32B8-420E-AE0D-91416CC753F9}.Release|Any CPU.ActiveCfg = Release|Any CPU
		{28DC215C-32B8-420E-AE0D-91416CC753F9}.Release|Any CPU.Build.0 = Release|Any CPU
	EndGlobalSection
	GlobalSection(SolutionProperties) = preSolution
		HideSolutionNode = FALSE
	EndGlobalSection
	GlobalSection(ExtensibilityGlobals) = postSolution
		SolutionGuid = {9B9BA799-51F6-4EDD-A121-107FE409F27C}
	EndGlobalSection
EndGlobal
