{
  "name": "dbnetsuitecore",
  "version": "1.0.0",
  "lockfileVersion": 1,
  "requires": true,
  "dependencies": {
    "@fortawesome/fontawesome-free": {
      "version": "5.9.0",
      "resolved": "https://registry.npmjs.org/@fortawesome/fontawesome-free/-/fontawesome-free-5.9.0.tgz",
      "integrity": "sha512-g795BBEzM/Hq2SYNPm/NQTIp3IWd4eXSH0ds87Na2jnrAUFX3wkyZAI4Gwj9DOaWMuz2/01i8oWI7P7T/XLkhg==",
      "dev": true
    },
    "@types/bootbox": {
      "version": "4.4.36",
      "resolved": "https://registry.npmjs.org/@types/bootbox/-/bootbox-4.4.36.tgz",
      "integrity": "sha512-RNNb0guOAm9RXPMOHlRILqLfuNaSjL/VEXej6izAwpWrN7pTtHLLhmh/eCkCLaItcrXuivXNdJLQT2okBT0Dog==",
      "requires": {
        "@types/jquery": "*"
      }
    },
    "@types/bootstrap": {
      "version": "4.3.0",
      "resolved": "https://registry.npmjs.org/@types/bootstrap/-/bootstrap-4.3.0.tgz",
      "integrity": "sha512-v1BkpRVgNH9eXE+RtWFP1wh/+SAkPZaxHthS6umqf1sGV0tAvHdPHZpAOB+H74e91ElOxtS56dxbon+lXWk4AQ==",
      "requires": {
        "@types/jquery": "*",
        "popper.js": "^1.14.1"
      }
    },
    "@types/jquery": {
      "version": "3.3.29",
      "resolved": "https://registry.npmjs.org/@types/jquery/-/jquery-3.3.29.tgz",
      "integrity": "sha512-FhJvBninYD36v3k6c+bVk1DSZwh7B5Dpb/Pyk3HKVsiohn0nhbefZZ+3JXbWQhFyt0MxSl2jRDdGQPHeOHFXrQ==",
      "requires": {
        "@types/sizzle": "*"
      }
    },
    "@types/notify": {
      "version": "0.0.29",
      "resolved": "https://registry.npmjs.org/@types/notify/-/notify-0.0.29.tgz",
      "integrity": "sha512-LmW14wPDG1KoDsnARj+pDWJeFzQALlkrhAYa6odxW5gOZJVXzhkFR3EFnRIe4rFk8ZZbsrR2jvHSP0e5thFirA==",
      "dev": true,
      "requires": {
        "@types/jquery": "*"
      }
    },
    "@types/sizzle": {
      "version": "2.3.2",
      "resolved": "https://registry.npmjs.org/@types/sizzle/-/sizzle-2.3.2.tgz",
      "integrity": "sha512-7EJYyKTL7tFR8+gDbB6Wwz/arpGa0Mywk1TJbNzKzHtzbwVmY4HR9WqS5VV7dsBUKQmPNr192jHr/VpBluj/hg=="
    },
    "bootstrap": {
      "version": "4.3.1",
      "resolved": "https://registry.npmjs.org/bootstrap/-/bootstrap-4.3.1.tgz",
      "integrity": "sha512-rXqOmH1VilAt2DyPzluTi2blhk17bO7ef+zLLPlWvG494pDxcM234pJ8wTc/6R40UWizAIIMgxjvxZg5kmsbag==",
      "dev": true
    },
    "bootstrap4-notify": {
      "version": "4.0.3",
      "resolved": "https://registry.npmjs.org/bootstrap4-notify/-/bootstrap4-notify-4.0.3.tgz",
      "integrity": "sha512-WopJYixeH22gbGswC57pLODS5sY9grNlb/Uu7C8mrWm1NRxz64n4FrfCILaOX3n4egoZ54J7kGB6Anl5AiZSqA==",
      "dev": true
    },
    "jquery": {
      "version": "3.4.1",
      "resolved": "https://registry.npmjs.org/jquery/-/jquery-3.4.1.tgz",
      "integrity": "sha512-36+AdBzCL+y6qjw5Tx7HgzeGCzC81MDDgaUP8ld2zhx58HdqXGoBd+tHdrBMiyjGQs0Hxs/MLZTu/eHNJJuWPw=="
    },
    "popper.js": {
      "version": "1.15.0",
      "resolved": "https://registry.npmjs.org/popper.js/-/popper.js-1.15.0.tgz",
      "integrity": "sha512-w010cY1oCUmI+9KwwlWki+r5jxKfTFDVoadl7MSrIujHU5MJ5OR6HTDj6Xo8aoR/QsA56x8jKjA59qGH4ELtrA=="
    },
    "typescript": {
      "version": "3.5.2",
      "resolved": "https://registry.npmjs.org/typescript/-/typescript-3.5.2.tgz",
      "integrity": "sha512-7KxJovlYhTX5RaRbUdkAXN1KUZ8PwWlTzQdHV6xNqvuFOs7+WBo10TQUqT19Q/Jz2hk5v9TQDIhyLhhJY4p5AA==",
      "dev": true
    }
  }
}
